
Microsoft Visual Studio Solution File, Format Version 12.00
# Visual Studio Version 16
VisualStudioVersion = 16.0.30804.86
MinimumVisualStudioVersion = 10.0.40219.1
Project("{FAE04EC0-301F-11D3-BF4B-00C04F79EFBC}") = "Xamarin.Forms.Save.Open.PDF.Android", "Xamarin.Forms.Save.Open.PDF\Xamarin.Forms.Save.Open.PDF.Android\Xamarin.Forms.Save.Open.PDF.Android.csproj", "{3E47B2A6-D179-4F70-B749-197B45612DCE}"
EndProject
Project("{FAE04EC0-301F-11D3-BF4B-00C04F79EFBC}") = "Xamarin.Forms.Save.Open.PDF.iOS", "Xamarin.Forms.Save.Open.PDF\Xamarin.Forms.Save.Open.PDF.iOS\Xamarin.Forms.Save.Open.PDF.iOS.csproj", "{F2E08762-866B-422C-8DA0-CA97BC464F0E}"
EndProject
Project("{9A19103F-16F7-4668-BE54-9A1E7A4F7556}") = "Xamarin.Forms.Save.Open.PDF", "Xamarin.Forms.Save.Open.PDF\Xamarin.Forms.Save.Open.PDF\Xamarin.Forms.Save.Open.PDF.csproj", "{432A5A34-EFB3-43B1-9666-34F74F11329C}"
EndProject
Project("{FAE04EC0-301F-11D3-BF4B-00C04F79EFBC}") = "XamarinFormsSaveOpenPDFPackage", "XamarinFormsSaveOpenPDFPackage\XamarinFormsSaveOpenPDFPackage.csproj", "{4B8094DE-18CD-438E-97A8-B74A3EB83A23}"
EndProject
Global
	GlobalSection(SolutionConfigurationPlatforms) = preSolution
		Ad-Hoc|Any CPU = Ad-Hoc|Any CPU
		Ad-Hoc|iPhone = Ad-Hoc|iPhone
		Ad-Hoc|iPhoneSimulator = Ad-Hoc|iPhoneSimulator
		AppStore|Any CPU = AppStore|Any CPU
		AppStore|iPhone = AppStore|iPhone
		AppStore|iPhoneSimulator = AppStore|iPhoneSimulator
		Debug|Any CPU = Debug|Any CPU
		Debug|iPhone = Debug|iPhone
		Debug|iPhoneSimulator = Debug|iPhoneSimulator
		Release|Any CPU = Release|Any CPU
		Release|iPhone = Release|iPhone
		Release|iPhoneSimulator = Release|iPhoneSimulator
	EndGlobalSection
	GlobalSection(ProjectConfigurationPlatforms) = postSolution
		{3E47B2A6-D179-4F70-B749-197B45612DCE}.Ad-Hoc|Any CPU.ActiveCfg = Release|Any CPU
		{3E47B2A6-D179-4F70-B749-197B45612DCE}.Ad-Hoc|Any CPU.Build.0 = Release|Any CPU
		{3E47B2A6-D179-4F70-B749-197B45612DCE}.Ad-Hoc|Any CPU.Deploy.0 = Release|Any CPU
		{3E47B2A6-D179-4F70-B749-197B45612DCE}.Ad-Hoc|iPhone.ActiveCfg = Release|Any CPU
		{3E47B2A6-D179-4F70-B749-197B45612DCE}.Ad-Hoc|iPhone.Build.0 = Release|Any CPU
		{3E47B2A6-D179-4F70-B749-197B45612DCE}.Ad-Hoc|iPhone.Deploy.0 = Release|Any CPU
		{3E47B2A6-D179-4F70-B749-197B45612DCE}.Ad-Hoc|iPhoneSimulator.ActiveCfg = Release|Any CPU
		{3E47B2A6-D179-4F70-B749-197B45612DCE}.Ad-Hoc|iPhoneSimulator.Build.0 = Release|Any CPU
		{3E47B2A6-D179-4F70-B749-197B45612DCE}.Ad-Hoc|iPhoneSimulator.Deploy.0 = Release|Any CPU
		{3E47B2A6-D179-4F70-B749-197B45612DCE}.AppStore|Any CPU.ActiveCfg = Release|Any CPU
		{3E47B2A6-D179-4F70-B749-197B45612DCE}.AppStore|Any CPU.Build.0 = Release|Any CPU
		{3E47B2A6-D179-4F70-B749-197B45612DCE}.AppStore|Any CPU.Deploy.0 = Release|Any CPU
		{3E47B2A6-D179-4F70-B749-197B45612DCE}.AppStore|iPhone.ActiveCfg = Release|Any CPU
		{3E47B2A6-D179-4F70-B749-197B45612DCE}.AppStore|iPhone.Build.0 = Release|Any CPU
		{3E47B2A6-D179-4F70-B749-197B45612DCE}.AppStore|iPhone.Deploy.0 = Release|Any CPU
		{3E47B2A6-D179-4F70-B749-197B45612DCE}.AppStore|iPhoneSimulator.ActiveCfg = Release|Any CPU
		{3E47B2A6-D179-4F70-B749-197B45612DCE}.AppStore|iPhoneSimulator.Build.0 = Release|Any CPU
		{3E47B2A6-D179-4F70-B749-197B45612DCE}.AppStore|iPhoneSimulator.Deploy.0 = Release|Any CPU
		{3E47B2A6-D179-4F70-B749-197B45612DCE}.Debug|Any CPU.ActiveCfg = Debug|Any CPU
		{3E47B2A6-D179-4F70-B749-197B45612DCE}.Debug|Any CPU.Build.0 = Debug|Any CPU
		{3E47B2A6-D179-4F70-B749-197B45612DCE}.Debug|Any CPU.Deploy.0 = Debug|Any CPU
		{3E47B2A6-D179-4F70-B749-197B45612DCE}.Debug|iPhone.ActiveCfg = Debug|Any CPU
		{3E47B2A6-D179-4F70-B749-197B45612DCE}.Debug|iPhone.Build.0 = Debug|Any CPU
		{3E47B2A6-D179-4F70-B749-197B45612DCE}.Debug|iPhone.Deploy.0 = Debug|Any CPU
		{3E47B2A6-D179-4F70-B749-197B45612DCE}.Debug|iPhoneSimulator.ActiveCfg = Debug|Any CPU
		{3E47B2A6-D179-4F70-B749-197B45612DCE}.Debug|iPhoneSimulator.Build.0 = Debug|Any CPU
		{3E47B2A6-D179-4F70-B749-197B45612DCE}.Debug|iPhoneSimulator.Deploy.0 = Debug|Any CPU
		{3E47B2A6-D179-4F70-B749-197B45612DCE}.Release|Any CPU.ActiveCfg = Release|Any CPU
		{3E47B2A6-D179-4F70-B749-197B45612DCE}.Release|Any CPU.Build.0 = Release|Any CPU
		{3E47B2A6-D179-4F70-B749-197B45612DCE}.Release|Any CPU.Deploy.0 = Release|Any CPU
		{3E47B2A6-D179-4F70-B749-197B45612DCE}.Release|iPhone.ActiveCfg = Release|Any CPU
		{3E47B2A6-D179-4F70-B749-197B45612DCE}.Release|iPhone.Build.0 = Release|Any CPU
		{3E47B2A6-D179-4F70-B749-197B45612DCE}.Release|iPhone.Deploy.0 = Release|Any CPU
		{3E47B2A6-D179-4F70-B749-197B45612DCE}.Release|iPhoneSimulator.ActiveCfg = Release|Any CPU
		{3E47B2A6-D179-4F70-B749-197B45612DCE}.Release|iPhoneSimulator.Build.0 = Release|Any CPU
		{3E47B2A6-D179-4F70-B749-197B45612DCE}.Release|iPhoneSimulator.Deploy.0 = Release|Any CPU
		{F2E08762-866B-422C-8DA0-CA97BC464F0E}.Ad-Hoc|Any CPU.ActiveCfg = Ad-Hoc|iPhone
		{F2E08762-866B-422C-8DA0-CA97BC464F0E}.Ad-Hoc|Any CPU.Build.0 = Ad-Hoc|iPhone
		{F2E08762-866B-422C-8DA0-CA97BC464F0E}.Ad-Hoc|Any CPU.Deploy.0 = Ad-Hoc|iPhone
		{F2E08762-866B-422C-8DA0-CA97BC464F0E}.Ad-Hoc|iPhone.ActiveCfg = Ad-Hoc|iPhone
		{F2E08762-866B-422C-8DA0-CA97BC464F0E}.Ad-Hoc|iPhone.Build.0 = Ad-Hoc|iPhone
		{F2E08762-866B-422C-8DA0-CA97BC464F0E}.Ad-Hoc|iPhone.Deploy.0 = Ad-Hoc|iPhone
		{F2E08762-866B-422C-8DA0-CA97BC464F0E}.Ad-Hoc|iPhoneSimulator.ActiveCfg = Ad-Hoc|iPhoneSimulator
		{F2E08762-866B-422C-8DA0-CA97BC464F0E}.Ad-Hoc|iPhoneSimulator.Build.0 = Ad-Hoc|iPhoneSimulator
		{F2E08762-866B-422C-8DA0-CA97BC464F0E}.Ad-Hoc|iPhoneSimulator.Deploy.0 = Ad-Hoc|iPhoneSimulator
		{F2E08762-866B-422C-8DA0-CA97BC464F0E}.AppStore|Any CPU.ActiveCfg = AppStore|iPhone
		{F2E08762-866B-422C-8DA0-CA97BC464F0E}.AppStore|Any CPU.Build.0 = AppStore|iPhone
		{F2E08762-866B-422C-8DA0-CA97BC464F0E}.AppStore|Any CPU.Deploy.0 = AppStore|iPhone
		{F2E08762-866B-422C-8DA0-CA97BC464F0E}.AppStore|iPhone.ActiveCfg = AppStore|iPhone
		{F2E08762-866B-422C-8DA0-CA97BC464F0E}.AppStore|iPhone.Build.0 = AppStore|iPhone
		{F2E08762-866B-422C-8DA0-CA97BC464F0E}.AppStore|iPhone.Deploy.0 = AppStore|iPhone
		{F2E08762-866B-422C-8DA0-CA97BC464F0E}.AppStore|iPhoneSimulator.ActiveCfg = AppStore|iPhoneSimulator
		{F2E08762-866B-422C-8DA0-CA97BC464F0E}.AppStore|iPhoneSimulator.Build.0 = AppStore|iPhoneSimulator
		{F2E08762-866B-422C-8DA0-CA97BC464F0E}.AppStore|iPhoneSimulator.Deploy.0 = AppStore|iPhoneSimulator
		{F2E08762-866B-422C-8DA0-CA97BC464F0E}.Debug|Any CPU.ActiveCfg = Debug|iPhoneSimulator
		{F2E08762-866B-422C-8DA0-CA97BC464F0E}.Debug|Any CPU.Build.0 = Debug|iPhoneSimulator
		{F2E08762-866B-422C-8DA0-CA97BC464F0E}.Debug|Any CPU.Deploy.0 = Debug|iPhoneSimulator
		{F2E08762-866B-422C-8DA0-CA97BC464F0E}.Debug|iPhone.ActiveCfg = Debug|iPhone
		{F2E08762-866B-422C-8DA0-CA97BC464F0E}.Debug|iPhone.Build.0 = Debug|iPhone
		{F2E08762-866B-422C-8DA0-CA97BC464F0E}.Debug|iPhone.Deploy.0 = Debug|iPhone
		{F2E08762-866B-422C-8DA0-CA97BC464F0E}.Debug|iPhoneSimulator.ActiveCfg = Debug|iPhoneSimulator
		{F2E08762-866B-422C-8DA0-CA97BC464F0E}.Debug|iPhoneSimulator.Build.0 = Debug|iPhoneSimulator
		{F2E08762-866B-422C-8DA0-CA97BC464F0E}.Debug|iPhoneSimulator.Deploy.0 = Debug|iPhoneSimulator
		{F2E08762-866B-422C-8DA0-CA97BC464F0E}.Release|Any CPU.ActiveCfg = Release|iPhone
		{F2E08762-866B-422C-8DA0-CA97BC464F0E}.Release|Any CPU.Build.0 = Release|iPhone
		{F2E08762-866B-422C-8DA0-CA97BC464F0E}.Release|Any CPU.Deploy.0 = Release|iPhone
		{F2E08762-866B-422C-8DA0-CA97BC464F0E}.Release|iPhone.ActiveCfg = Release|iPhone
		{F2E08762-866B-422C-8DA0-CA97BC464F0E}.Release|iPhone.Build.0 = Release|iPhone
		{F2E08762-866B-422C-8DA0-CA97BC464F0E}.Release|iPhone.Deploy.0 = Release|iPhone
		{F2E08762-866B-422C-8DA0-CA97BC464F0E}.Release|iPhoneSimulator.ActiveCfg = Release|iPhoneSimulator
		{F2E08762-866B-422C-8DA0-CA97BC464F0E}.Release|iPhoneSimulator.Build.0 = Release|iPhoneSimulator
		{F2E08762-866B-422C-8DA0-CA97BC464F0E}.Release|iPhoneSimulator.Deploy.0 = Release|iPhoneSimulator
		{432A5A34-EFB3-43B1-9666-34F74F11329C}.Ad-Hoc|Any CPU.ActiveCfg = Debug|Any CPU
		{432A5A34-EFB3-43B1-9666-34F74F11329C}.Ad-Hoc|Any CPU.Build.0 = Debug|Any CPU
		{432A5A34-EFB3-43B1-9666-34F74F11329C}.Ad-Hoc|Any CPU.Deploy.0 = Debug|Any CPU
		{432A5A34-EFB3-43B1-9666-34F74F11329C}.Ad-Hoc|iPhone.ActiveCfg = Debug|Any CPU
		{432A5A34-EFB3-43B1-9666-34F74F11329C}.Ad-Hoc|iPhone.Build.0 = Debug|Any CPU
		{432A5A34-EFB3-43B1-9666-34F74F11329C}.Ad-Hoc|iPhone.Deploy.0 = Debug|Any CPU
		{432A5A34-EFB3-43B1-9666-34F74F11329C}.Ad-Hoc|iPhoneSimulator.ActiveCfg = Debug|Any CPU
		{432A5A34-EFB3-43B1-9666-34F74F11329C}.Ad-Hoc|iPhoneSimulator.Build.0 = Debug|Any CPU
		{432A5A34-EFB3-43B1-9666-34F74F11329C}.Ad-Hoc|iPhoneSimulator.Deploy.0 = Debug|Any CPU
		{432A5A34-EFB3-43B1-9666-34F74F11329C}.AppStore|Any CPU.ActiveCfg = Debug|Any CPU
		{432A5A34-EFB3-43B1-9666-34F74F11329C}.AppStore|Any CPU.Build.0 = Debug|Any CPU
		{432A5A34-EFB3-43B1-9666-34F74F11329C}.AppStore|Any CPU.Deploy.0 = Debug|Any CPU
		{432A5A34-EFB3-43B1-9666-34F74F11329C}.AppStore|iPhone.ActiveCfg = Debug|Any CPU
		{432A5A34-EFB3-43B1-9666-34F74F11329C}.AppStore|iPhone.Build.0 = Debug|Any CPU
		{432A5A34-EFB3-43B1-9666-34F74F11329C}.AppStore|iPhone.Deploy.0 = Debug|Any CPU
		{432A5A34-EFB3-43B1-9666-34F74F11329C}.AppStore|iPhoneSimulator.ActiveCfg = Debug|Any CPU
		{432A5A34-EFB3-43B1-9666-34F74F11329C}.AppStore|iPhoneSimulator.Build.0 = Debug|Any CPU
		{432A5A34-EFB3-43B1-9666-34F74F11329C}.AppStore|iPhoneSimulator.Deploy.0 = Debug|Any CPU
		{432A5A34-EFB3-43B1-9666-34F74F11329C}.Debug|Any CPU.ActiveCfg = Debug|Any CPU
		{432A5A34-EFB3-43B1-9666-34F74F11329C}.Debug|Any CPU.Build.0 = Debug|Any CPU
		{432A5A34-EFB3-43B1-9666-34F74F11329C}.Debug|Any CPU.Deploy.0 = Debug|Any CPU
		{432A5A34-EFB3-43B1-9666-34F74F11329C}.Debug|iPhone.ActiveCfg = Debug|Any CPU
		{432A5A34-EFB3-43B1-9666-34F74F11329C}.Debug|iPhone.Build.0 = Debug|Any CPU
		{432A5A34-EFB3-43B1-9666-34F74F11329C}.Debug|iPhone.Deploy.0 = Debug|Any CPU
		{432A5A34-EFB3-43B1-9666-34F74F11329C}.Debug|iPhoneSimulator.ActiveCfg = Debug|Any CPU
		{432A5A34-EFB3-43B1-9666-34F74F11329C}.Debug|iPhoneSimulator.Build.0 = Debug|Any CPU
		{432A5A34-EFB3-43B1-9666-34F74F11329C}.Debug|iPhoneSimulator.Deploy.0 = Debug|Any CPU
		{432A5A34-EFB3-43B1-9666-34F74F11329C}.Release|Any CPU.ActiveCfg = Release|Any CPU
		{432A5A34-EFB3-43B1-9666-34F74F11329C}.Release|Any CPU.Build.0 = Release|Any CPU
		{432A5A34-EFB3-43B1-9666-34F74F11329C}.Release|Any CPU.Deploy.0 = Release|Any CPU
		{432A5A34-EFB3-43B1-9666-34F74F11329C}.Release|iPhone.ActiveCfg = Release|Any CPU
		{432A5A34-EFB3-43B1-9666-34F74F11329C}.Release|iPhone.Build.0 = Release|Any CPU
		{432A5A34-EFB3-43B1-9666-34F74F11329C}.Release|iPhone.Deploy.0 = Release|Any CPU
		{432A5A34-EFB3-43B1-9666-34F74F11329C}.Release|iPhoneSimulator.ActiveCfg = Release|Any CPU
		{432A5A34-EFB3-43B1-9666-34F74F11329C}.Release|iPhoneSimulator.Build.0 = Release|Any CPU
		{432A5A34-EFB3-43B1-9666-34F74F11329C}.Release|iPhoneSimulator.Deploy.0 = Release|Any CPU
		{4B8094DE-18CD-438E-97A8-B74A3EB83A23}.Ad-Hoc|Any CPU.ActiveCfg = Debug|Any CPU
		{4B8094DE-18CD-438E-97A8-B74A3EB83A23}.Ad-Hoc|Any CPU.Build.0 = Debug|Any CPU
		{4B8094DE-18CD-438E-97A8-B74A3EB83A23}.Ad-Hoc|iPhone.ActiveCfg = Debug|Any CPU
		{4B8094DE-18CD-438E-97A8-B74A3EB83A23}.Ad-Hoc|iPhone.Build.0 = Debug|Any CPU
		{4B8094DE-18CD-438E-97A8-B74A3EB83A23}.Ad-Hoc|iPhoneSimulator.ActiveCfg = Debug|Any CPU
		{4B8094DE-18CD-438E-97A8-B74A3EB83A23}.Ad-Hoc|iPhoneSimulator.Build.0 = Debug|Any CPU
		{4B8094DE-18CD-438E-97A8-B74A3EB83A23}.AppStore|Any CPU.ActiveCfg = Debug|Any CPU
		{4B8094DE-18CD-438E-97A8-B74A3EB83A23}.AppStore|Any CPU.Build.0 = Debug|Any CPU
		{4B8094DE-18CD-438E-97A8-B74A3EB83A23}.AppStore|iPhone.ActiveCfg = Debug|Any CPU
		{4B8094DE-18CD-438E-97A8-B74A3EB83A23}.AppStore|iPhone.Build.0 = Debug|Any CPU
		{4B8094DE-18CD-438E-97A8-B74A3EB83A23}.AppStore|iPhoneSimulator.ActiveCfg = Debug|Any CPU
		{4B8094DE-18CD-438E-97A8-B74A3EB83A23}.AppStore|iPhoneSimulator.Build.0 = Debug|Any CPU
		{4B8094DE-18CD-438E-97A8-B74A3EB83A23}.Debug|Any CPU.ActiveCfg = Debug|Any CPU
		{4B8094DE-18CD-438E-97A8-B74A3EB83A23}.Debug|Any CPU.Build.0 = Debug|Any CPU
		{4B8094DE-18CD-438E-97A8-B74A3EB83A23}.Debug|iPhone.ActiveCfg = Debug|Any CPU
		{4B8094DE-18CD-438E-97A8-B74A3EB83A23}.Debug|iPhone.Build.0 = Debug|Any CPU
		{4B8094DE-18CD-438E-97A8-B74A3EB83A23}.Debug|iPhoneSimulator.ActiveCfg = Debug|Any CPU
		{4B8094DE-18CD-438E-97A8-B74A3EB83A23}.Debug|iPhoneSimulator.Build.0 = Debug|Any CPU
		{4B8094DE-18CD-438E-97A8-B74A3EB83A23}.Release|Any CPU.ActiveCfg = Release|Any CPU
		{4B8094DE-18CD-438E-97A8-B74A3EB83A23}.Release|Any CPU.Build.0 = Release|Any CPU
		{4B8094DE-18CD-438E-97A8-B74A3EB83A23}.Release|iPhone.ActiveCfg = Release|Any CPU
		{4B8094DE-18CD-438E-97A8-B74A3EB83A23}.Release|iPhone.Build.0 = Release|Any CPU
		{4B8094DE-18CD-438E-97A8-B74A3EB83A23}.Release|iPhoneSimulator.ActiveCfg = Release|Any CPU
		{4B8094DE-18CD-438E-97A8-B74A3EB83A23}.Release|iPhoneSimulator.Build.0 = Release|Any CPU
	EndGlobalSection
	GlobalSection(SolutionProperties) = preSolution
		HideSolutionNode = FALSE
	EndGlobalSection
	GlobalSection(ExtensibilityGlobals) = postSolution
		SolutionGuid = {ABC669FA-65CB-4BE4-B594-B79CDBB4CE25}
	EndGlobalSection
EndGlobal
